// !$*UTF8*$!
{
	archiveVersion = 1;
	classes = {
	};
	objectVersion = 50;
	objects = {

/* Begin PBXBuildFile section */
		F81DD0C622E6159800F10370 /* AppDelegate.swift in Sources */ = {isa = PBXBuildFile; fileRef = F81DD0C522E6159800F10370 /* AppDelegate.swift */; };
		F81DD0C822E6159800F10370 /* SceneDelegate.swift in Sources */ = {isa = PBXBuildFile; fileRef = F81DD0C722E6159800F10370 /* SceneDelegate.swift */; };
		F81DD0CA22E6159800F10370 /* ContentView.swift in Sources */ = {isa = PBXBuildFile; fileRef = F81DD0C922E6159800F10370 /* ContentView.swift */; };
		F81DD0CC22E6159A00F10370 /* Assets.xcassets in Resources */ = {isa = PBXBuildFile; fileRef = F81DD0CB22E6159A00F10370 /* Assets.xcassets */; };
		F81DD0CF22E6159A00F10370 /* Preview Assets.xcassets in Resources */ = {isa = PBXBuildFile; fileRef = F81DD0CE22E6159A00F10370 /* Preview Assets.xcassets */; };
		F81DD0D222E6159A00F10370 /* LaunchScreen.storyboard in Resources */ = {isa = PBXBuildFile; fileRef = F81DD0D022E6159A00F10370 /* LaunchScreen.storyboard */; };
		F81DD0DA22E61B4600F10370 /* Host.swift in Sources */ = {isa = PBXBuildFile; fileRef = F81DD0D922E61B4600F10370 /* Host.swift */; };
		F86E656822E6261000528804 /* HostRow.swift in Sources */ = {isa = PBXBuildFile; fileRef = F86E656722E6261000528804 /* HostRow.swift */; };
		F86E656A22E6277E00528804 /* HostDetails.swift in Sources */ = {isa = PBXBuildFile; fileRef = F86E656922E6277E00528804 /* HostDetails.swift */; };
		F87DB4FA22E8ED3D0007AB40 /* MapView.swift in Sources */ = {isa = PBXBuildFile; fileRef = F87DB4F922E8ED3D0007AB40 /* MapView.swift */; };
		F8D789B222E8B6CD006FBB9E /* ImagePicker.swift in Sources */ = {isa = PBXBuildFile; fileRef = F8D789B122E8B6CD006FBB9E /* ImagePicker.swift */; };
/* End PBXBuildFile section */

/* Begin PBXFileReference section */
		F81DD0C222E6159800F10370 /* SwiftUI_lists.app */ = {isa = PBXFileReference; explicitFileType = wrapper.application; includeInIndex = 0; path = SwiftUI_lists.app; sourceTree = BUILT_PRODUCTS_DIR; };
		F81DD0C522E6159800F10370 /* AppDelegate.swift */ = {isa = PBXFileReference; lastKnownFileType = sourcecode.swift; path = AppDelegate.swift; sourceTree = "<group>"; };
		F81DD0C722E6159800F10370 /* SceneDelegate.swift */ = {isa = PBXFileReference; lastKnownFileType = sourcecode.swift; path = SceneDelegate.swift; sourceTree = "<group>"; };
		F81DD0C922E6159800F10370 /* ContentView.swift */ = {isa = PBXFileReference; lastKnownFileType = sourcecode.swift; path = ContentView.swift; sourceTree = "<group>"; };
		F81DD0CB22E6159A00F10370 /* Assets.xcassets */ = {isa = PBXFileReference; lastKnownFileType = folder.assetcatalog; path = Assets.xcassets; sourceTree = "<group>"; };
		F81DD0CE22E6159A00F10370 /* Preview Assets.xcassets */ = {isa = PBXFileReference; lastKnownFileType = folder.assetcatalog; path = "Preview Assets.xcassets"; sourceTree = "<group>"; };
		F81DD0D122E6159A00F10370 /* Base */ = {isa = PBXFileReference; lastKnownFileType = file.storyboard; name = Base; path = Base.lproj/LaunchScreen.storyboard; sourceTree = "<group>"; };
		F81DD0D322E6159A00F10370 /* Info.plist */ = {isa = PBXFileReference; lastKnownFileType = text.plist.xml; path = Info.plist; sourceTree = "<group>"; };
		F81DD0D922E61B4600F10370 /* Host.swift */ = {isa = PBXFileReference; lastKnownFileType = sourcecode.swift; path = Host.swift; sourceTree = "<group>"; };
		F86E656722E6261000528804 /* HostRow.swift */ = {isa = PBXFileReference; lastKnownFileType = sourcecode.swift; path = HostRow.swift; sourceTree = "<group>"; };
		F86E656922E6277E00528804 /* HostDetails.swift */ = {isa = PBXFileReference; lastKnownFileType = sourcecode.swift; path = HostDetails.swift; sourceTree = "<group>"; };
		F87DB4F922E8ED3D0007AB40 /* MapView.swift */ = {isa = PBXFileReference; lastKnownFileType = sourcecode.swift; path = MapView.swift; sourceTree = "<group>"; };
		F8D789B122E8B6CD006FBB9E /* ImagePicker.swift */ = {isa = PBXFileReference; lastKnownFileType = sourcecode.swift; path = ImagePicker.swift; sourceTree = "<group>"; };
/* End PBXFileReference section */

/* Begin PBXFrameworksBuildPhase section */
		F81DD0BF22E6159800F10370 /* Frameworks */ = {
			isa = PBXFrameworksBuildPhase;
			buildActionMask = 2147483647;
			files = (
			);
			runOnlyForDeploymentPostprocessing = 0;
		};
/* End PBXFrameworksBuildPhase section */

/* Begin PBXGroup section */
		F81DD0B922E6159800F10370 = {
			isa = PBXGroup;
			children = (
				F81DD0C422E6159800F10370 /* SwiftUI_lists */,
				F81DD0C322E6159800F10370 /* Products */,
			);
			sourceTree = "<group>";
		};
		F81DD0C322E6159800F10370 /* Products */ = {
			isa = PBXGroup;
			children = (
				F81DD0C222E6159800F10370 /* SwiftUI_lists.app */,
			);
			name = Products;
			sourceTree = "<group>";
		};
		F81DD0C422E6159800F10370 /* SwiftUI_lists */ = {
			isa = PBXGroup;
			children = (
				F8D789B022E8B655006FBB9E /* UIKit */,
				F81DD0DB22E61C8C00F10370 /* Model */,
				F81DD0C522E6159800F10370 /* AppDelegate.swift */,
				F81DD0C722E6159800F10370 /* SceneDelegate.swift */,
				F81DD0C922E6159800F10370 /* ContentView.swift */,
				F86E656722E6261000528804 /* HostRow.swift */,
				F86E656922E6277E00528804 /* HostDetails.swift */,
				F81DD0CB22E6159A00F10370 /* Assets.xcassets */,
				F81DD0D022E6159A00F10370 /* LaunchScreen.storyboard */,
				F81DD0D322E6159A00F10370 /* Info.plist */,
				F81DD0CD22E6159A00F10370 /* Preview Content */,
			);
			path = SwiftUI_lists;
			sourceTree = "<group>";
		};
		F81DD0CD22E6159A00F10370 /* Preview Content */ = {
			isa = PBXGroup;
			children = (
				F81DD0CE22E6159A00F10370 /* Preview Assets.xcassets */,
			);
			path = "Preview Content";
			sourceTree = "<group>";
		};
		F81DD0DB22E61C8C00F10370 /* Model */ = {
			isa = PBXGroup;
			children = (
				F81DD0D922E61B4600F10370 /* Host.swift */,
			);
			path = Model;
			sourceTree = "<group>";
		};
		F8D789B022E8B655006FBB9E /* UIKit */ = {
			isa = PBXGroup;
			children = (
				F8D789B122E8B6CD006FBB9E /* ImagePicker.swift */,
				F87DB4F922E8ED3D0007AB40 /* MapView.swift */,
			);
			path = UIKit;
			sourceTree = "<group>";
		};
/* End PBXGroup section */

/* Begin PBXNativeTarget section */
		F81DD0C122E6159800F10370 /* SwiftUI_lists */ = {
			isa = PBXNativeTarget;
			buildConfigurationList = F81DD0D622E6159A00F10370 /* Build configuration list for PBXNativeTarget "SwiftUI_lists" */;
			buildPhases = (
				F81DD0BE22E6159800F10370 /* Sources */,
				F81DD0BF22E6159800F10370 /* Frameworks */,
				F81DD0C022E6159800F10370 /* Resources */,
			);
			buildRules = (
			);
			dependencies = (
			);
			name = SwiftUI_lists;
			productName = SwiftUI_composition;
			productReference = F81DD0C222E6159800F10370 /* SwiftUI_lists.app */;
			productType = "com.apple.product-type.application";
		};
/* End PBXNativeTarget section */

/* Begin PBXProject section */
		F81DD0BA22E6159800F10370 /* Project object */ = {
			isa = PBXProject;
			attributes = {
				LastSwiftUpdateCheck = 1100;
				LastUpgradeCheck = 1100;
				ORGANIZATIONNAME = "Maxime Britto";
				TargetAttributes = {
					F81DD0C122E6159800F10370 = {
						CreatedOnToolsVersion = 11.0;
					};
				};
			};
			buildConfigurationList = F81DD0BD22E6159800F10370 /* Build configuration list for PBXProject "SwiftUI_lists" */;
			compatibilityVersion = "Xcode 9.3";
			developmentRegion = en;
			hasScannedForEncodings = 0;
			knownRegions = (
				en,
				Base,
			);
			mainGroup = F81DD0B922E6159800F10370;
			productRefGroup = F81DD0C322E6159800F10370 /* Products */;
			projectDirPath = "";
			projectRoot = "";
			targets = (
				F81DD0C122E6159800F10370 /* SwiftUI_lists */,
			);
		};
/* End PBXProject section */

/* Begin PBXResourcesBuildPhase section */
		F81DD0C022E6159800F10370 /* Resources */ = {
			isa = PBXResourcesBuildPhase;
			buildActionMask = 2147483647;
			files = (
				F81DD0D222E6159A00F10370 /* LaunchScreen.storyboard in Resources */,
				F81DD0CF22E6159A00F10370 /* Preview Assets.xcassets in Resources */,
				F81DD0CC22E6159A00F10370 /* Assets.xcassets in Resources */,
			);
			runOnlyForDeploymentPostprocessing = 0;
		};
/* End PBXResourcesBuildPhase section */

/* Begin PBXSourcesBuildPhase section */
		F81DD0BE22E6159800F10370 /* Sources */ = {
			isa = PBXSourcesBuildPhase;
			buildActionMask = 2147483647;
			files = (
				F86E656822E6261000528804 /* HostRow.swift in Sources */,
				F87DB4FA22E8ED3D0007AB40 /* MapView.swift in Sources */,
				F81DD0C622E6159800F10370 /* AppDelegate.swift in Sources */,
				F86E656A22E6277E00528804 /* HostDetails.swift in Sources */,
				F8D789B222E8B6CD006FBB9E /* ImagePicker.swift in Sources */,
				F81DD0C822E6159800F10370 /* SceneDelegate.swift in Sources */,
				F81DD0CA22E6159800F10370 /* ContentView.swift in Sources */,
				F81DD0DA22E61B4600F10370 /* Host.swift in Sources */,
			);
			runOnlyForDeploymentPostprocessing = 0;
		};
/* End PBXSourcesBuildPhase section */

/* Begin PBXVariantGroup section */
		F81DD0D022E6159A00F10370 /* LaunchScreen.storyboard */ = {
			isa = PBXVariantGroup;
			children = (
				F81DD0D122E6159A00F10370 /* Base */,
			);
			name = LaunchScreen.storyboard;
			sourceTree = "<group>";
		};
/* End PBXVariantGroup section */

/* Begin XCBuildConfiguration section */
		F81DD0D422E6159A00F10370 /* Debug */ = {
			isa = XCBuildConfiguration;
			buildSettings = {
				ALWAYS_SEARCH_USER_PATHS = NO;
				CLANG_ANALYZER_NONNULL = YES;
				CLANG_ANALYZER_NUMBER_OBJECT_CONVERSION = YES_AGGRESSIVE;
				CLANG_CXX_LANGUAGE_STANDARD = "gnu++14";
				CLANG_CXX_LIBRARY = "libc++";
				CLANG_ENABLE_MODULES = YES;
				CLANG_ENABLE_OBJC_ARC = YES;
				CLANG_ENABLE_OBJC_WEAK = YES;
				CLANG_WARN_BLOCK_CAPTURE_AUTORELEASING = YES;
				CLANG_WARN_BOOL_CONVERSION = YES;
				CLANG_WARN_COMMA = YES;
				CLANG_WARN_CONSTANT_CONVERSION = YES;
				CLANG_WARN_DEPRECATED_OBJC_IMPLEMENTATIONS = YES;
				CLANG_WARN_DIRECT_OBJC_ISA_USAGE = YES_ERROR;
				CLANG_WARN_DOCUMENTATION_COMMENTS = YES;
				CLANG_WARN_EMPTY_BODY = YES;
				CLANG_WARN_ENUM_CONVERSION = YES;
				CLANG_WARN_INFINITE_RECURSION = YES;
				CLANG_WARN_INT_CONVERSION = YES;
				CLANG_WARN_NON_LITERAL_NULL_CONVERSION = YES;
				CLANG_WARN_OBJC_IMPLICIT_RETAIN_SELF = YES;
				CLANG_WARN_OBJC_LITERAL_CONVERSION = YES;
				CLANG_WARN_OBJC_ROOT_CLASS = YES_ERROR;
				CLANG_WARN_RANGE_LOOP_ANALYSIS = YES;
				CLANG_WARN_STRICT_PROTOTYPES = YES;
				CLANG_WARN_SUSPICIOUS_MOVE = YES;
				CLANG_WARN_UNGUARDED_AVAILABILITY = YES_AGGRESSIVE;
				CLANG_WARN_UNREACHABLE_CODE = YES;
				CLANG_WARN__DUPLICATE_METHOD_MATCH = YES;
				COPY_PHASE_STRIP = NO;
				DEBUG_INFORMATION_FORMAT = dwarf;
				ENABLE_STRICT_OBJC_MSGSEND = YES;
				ENABLE_TESTABILITY = YES;
				GCC_C_LANGUAGE_STANDARD = gnu11;
				GCC_DYNAMIC_NO_PIC = NO;
				GCC_NO_COMMON_BLOCKS = YES;
				GCC_OPTIMIZATION_LEVEL = 0;
				GCC_PREPROCESSOR_DEFINITIONS = (
					"DEBUG=1",
					"$(inherited)",
				);
				GCC_WARN_64_TO_32_BIT_CONVERSION = YES;
				GCC_WARN_ABOUT_RETURN_TYPE = YES_ERROR;
				GCC_WARN_UNDECLARED_SELECTOR = YES;
				GCC_WARN_UNINITIALIZED_AUTOS = YES_AGGRESSIVE;
				GCC_WARN_UNUSED_FUNCTION = YES;
				GCC_WARN_UNUSED_VARIABLE = YES;
				IPHONEOS_DEPLOYMENT_TARGET = 13.0;
				MTL_ENABLE_DEBUG_INFO = INCLUDE_SOURCE;
				MTL_FAST_MATH = YES;
				ONLY_ACTIVE_ARCH = YES;
				SDKROOT = iphoneos;
				SWIFT_ACTIVE_COMPILATION_CONDITIONS = DEBUG;
				SWIFT_OPTIMIZATION_LEVEL = "-Onone";
			};
			name = Debug;
		};
		F81DD0D522E6159A00F10370 /* Release */ = {
			isa = XCBuildConfiguration;
			buildSettings = {
				ALWAYS_SEARCH_USER_PATHS = NO;
				CLANG_ANALYZER_NONNULL = YES;
				CLANG_ANALYZER_NUMBER_OBJECT_CONVERSION = YES_AGGRESSIVE;
				CLANG_CXX_LANGUAGE_STANDARD = "gnu++14";
				CLANG_CXX_LIBRARY = "libc++";
				CLANG_ENABLE_MODULES = YES;
				CLANG_ENABLE_OBJC_ARC = YES;
				CLANG_ENABLE_OBJC_WEAK = YES;
				CLANG_WARN_BLOCK_CAPTURE_AUTORELEASING = YES;
				CLANG_WARN_BOOL_CONVERSION = YES;
				CLANG_WARN_COMMA = YES;
				CLANG_WARN_CONSTANT_CONVERSION = YES;
				CLANG_WARN_DEPRECATED_OBJC_IMPLEMENTATIONS = YES;
				CLANG_WARN_DIRECT_OBJC_ISA_USAGE = YES_ERROR;
				CLANG_WARN_DOCUMENTATION_COMMENTS = YES;
				CLANG_WARN_EMPTY_BODY = YES;
				CLANG_WARN_ENUM_CONVERSION = YES;
				CLANG_WARN_INFINITE_RECURSION = YES;
				CLANG_WARN_INT_CONVERSION = YES;
				CLANG_WARN_NON_LITERAL_NULL_CONVERSION = YES;
				CLANG_WARN_OBJC_IMPLICIT_RETAIN_SELF = YES;
				CLANG_WARN_OBJC_LITERAL_CONVERSION = YES;
				CLANG_WARN_OBJC_ROOT_CLASS = YES_ERROR;
				CLANG_WARN_RANGE_LOOP_ANALYSIS = YES;
				CLANG_WARN_STRICT_PROTOTYPES = YES;
				CLANG_WARN_SUSPICIOUS_MOVE = YES;
				CLANG_WARN_UNGUARDED_AVAILABILITY = YES_AGGRESSIVE;
				CLANG_WARN_UNREACHABLE_CODE = YES;
				CLANG_WARN__DUPLICATE_METHOD_MATCH = YES;
				COPY_PHASE_STRIP = NO;
				DEBUG_INFORMATION_FORMAT = "dwarf-with-dsym";
				ENABLE_NS_ASSERTIONS = NO;
				ENABLE_STRICT_OBJC_MSGSEND = YES;
				GCC_C_LANGUAGE_STANDARD = gnu11;
				GCC_NO_COMMON_BLOCKS = YES;
				GCC_WARN_64_TO_32_BIT_CONVERSION = YES;
				GCC_WARN_ABOUT_RETURN_TYPE = YES_ERROR;
				GCC_WARN_UNDECLARED_SELECTOR = YES;
				GCC_WARN_UNINITIALIZED_AUTOS = YES_AGGRESSIVE;
				GCC_WARN_UNUSED_FUNCTION = YES;
				GCC_WARN_UNUSED_VARIABLE = YES;
				IPHONEOS_DEPLOYMENT_TARGET = 13.0;
				MTL_ENABLE_DEBUG_INFO = NO;
				MTL_FAST_MATH = YES;
				SDKROOT = iphoneos;
				SWIFT_COMPILATION_MODE = wholemodule;
				SWIFT_OPTIMIZATION_LEVEL = "-O";
				VALIDATE_PRODUCT = YES;
			};
			name = Release;
		};
		F81DD0D722E6159A00F10370 /* Debug */ = {
			isa = XCBuildConfiguration;
			buildSettings = {
				ASSETCATALOG_COMPILER_APPICON_NAME = AppIcon;
				CODE_SIGN_STYLE = Automatic;
				DEVELOPMENT_ASSET_PATHS = "SwiftUI_lists/Preview\\ Content";
				ENABLE_PREVIEWS = YES;
				INFOPLIST_FILE = SwiftUI_lists/Info.plist;
				LD_RUNPATH_SEARCH_PATHS = (
					"$(inherited)",
					"@executable_path/Frameworks",
				);
				PRODUCT_BUNDLE_IDENTIFIER = "fr.purplegiraffe.SwiftUI-lists";
				PRODUCT_NAME = "$(TARGET_NAME)";
				SWIFT_VERSION = 5.0;
				TARGETED_DEVICE_FAMILY = "1,2";
			};
			name = Debug;
		};
		F81DD0D822E6159A00F10370 /* Release */ = {
			isa = XCBuildConfiguration;
			buildSettings = {
				ASSETCATALOG_COMPILER_APPICON_NAME = AppIcon;
				CODE_SIGN_STYLE = Automatic;
				DEVELOPMENT_ASSET_PATHS = "SwiftUI_lists/Preview\\ Content";
				ENABLE_PREVIEWS = YES;
				INFOPLIST_FILE = SwiftUI_lists/Info.plist;
				LD_RUNPATH_SEARCH_PATHS = (
					"$(inherited)",
					"@executable_path/Frameworks",
				);
				PRODUCT_BUNDLE_IDENTIFIER = "fr.purplegiraffe.SwiftUI-lists";
				PRODUCT_NAME = "$(TARGET_NAME)";
				SWIFT_VERSION = 5.0;
				TARGETED_DEVICE_FAMILY = "1,2";
			};
			name = Release;
		};
/* End XCBuildConfiguration section */

/* Begin XCConfigurationList section */
		F81DD0BD22E6159800F10370 /* Build configuration list for PBXProject "SwiftUI_lists" */ = {
			isa = XCConfigurationList;
			buildConfigurations = (
				F81DD0D422E6159A00F10370 /* Debug */,
				F81DD0D522E6159A00F10370 /* Release */,
			);
			defaultConfigurationIsVisible = 0;
			defaultConfigurationName = Release;
		};
		F81DD0D622E6159A00F10370 /* Build configuration list for PBXNativeTarget "SwiftUI_lists" */ = {
			isa = XCConfigurationList;
			buildConfigurations = (
				F81DD0D722E6159A00F10370 /* Debug */,
				F81DD0D822E6159A00F10370 /* Release */,
			);
			defaultConfigurationIsVisible = 0;
			defaultConfigurationName = Release;
		};
/* End XCConfigurationList section */
	};
	rootObject = F81DD0BA22E6159800F10370 /* Project object */;
}
